
Microsoft Visual Studio Solution File, Format Version 12.00
# Visual Studio Version 17
VisualStudioVersion = 17.3.32922.545
MinimumVisualStudioVersion = 10.0.40219.1
Project("{9A19103F-16F7-4668-BE54-9A1E7A4F7556}") = "MetricsManagementSolution", "MetrixManagementSolution\MetricsManagementSolution.csproj", "{25DC1711-79E1-4181-B178-127EE9F7193A}"
EndProject
Project("{9A19103F-16F7-4668-BE54-9A1E7A4F7556}") = "Client", "Client\Client.csproj", "{038BEF4A-571C-4388-8054-23DF3134340C}"
EndProject
Project("{9A19103F-16F7-4668-BE54-9A1E7A4F7556}") = "Domain", "Domain\Domain.csproj", "{96F38A88-C9E5-4E61-BC96-3A48D6EB193E}"
EndProject
Project("{9A19103F-16F7-4668-BE54-9A1E7A4F7556}") = "DTO", "DTO\DTO.csproj", "{99978AE4-5CC7-4150-BD2A-93C96E2E8610}"
EndProject
Project("{9A19103F-16F7-4668-BE54-9A1E7A4F7556}") = "Repository", "Repository\Repository.csproj", "{9E592307-652F-4DEB-B46E-54BA1D32E2BA}"
EndProject
Global
	GlobalSection(SolutionConfigurationPlatforms) = preSolution
		Debug|Any CPU = Debug|Any CPU
		Release|Any CPU = Release|Any CPU
	EndGlobalSection
	GlobalSection(ProjectConfigurationPlatforms) = postSolution
		{25DC1711-79E1-4181-B178-127EE9F7193A}.Debug|Any CPU.ActiveCfg = Debug|Any CPU
		{25DC1711-79E1-4181-B178-127EE9F7193A}.Debug|Any CPU.Build.0 = Debug|Any CPU
		{25DC1711-79E1-4181-B178-127EE9F7193A}.Release|Any CPU.ActiveCfg = Release|Any CPU
		{25DC1711-79E1-4181-B178-127EE9F7193A}.Release|Any CPU.Build.0 = Release|Any CPU
		{038BEF4A-571C-4388-8054-23DF3134340C}.Debug|Any CPU.ActiveCfg = Debug|Any CPU
		{038BEF4A-571C-4388-8054-23DF3134340C}.Debug|Any CPU.Build.0 = Debug|Any CPU
		{038BEF4A-571C-4388-8054-23DF3134340C}.Release|Any CPU.ActiveCfg = Release|Any CPU
		{038BEF4A-571C-4388-8054-23DF3134340C}.Release|Any CPU.Build.0 = Release|Any CPU
		{96F38A88-C9E5-4E61-BC96-3A48D6EB193E}.Debug|Any CPU.ActiveCfg = Debug|Any CPU
		{96F38A88-C9E5-4E61-BC96-3A48D6EB193E}.Debug|Any CPU.Build.0 = Debug|Any CPU
		{96F38A88-C9E5-4E61-BC96-3A48D6EB193E}.Release|Any CPU.ActiveCfg = Release|Any CPU
		{96F38A88-C9E5-4E61-BC96-3A48D6EB193E}.Release|Any CPU.Build.0 = Release|Any CPU
		{99978AE4-5CC7-4150-BD2A-93C96E2E8610}.Debug|Any CPU.ActiveCfg = Debug|Any CPU
		{99978AE4-5CC7-4150-BD2A-93C96E2E8610}.Debug|Any CPU.Build.0 = Debug|Any CPU
		{99978AE4-5CC7-4150-BD2A-93C96E2E8610}.Release|Any CPU.ActiveCfg = Release|Any CPU
		{99978AE4-5CC7-4150-BD2A-93C96E2E8610}.Release|Any CPU.Build.0 = Release|Any CPU
		{9E592307-652F-4DEB-B46E-54BA1D32E2BA}.Debug|Any CPU.ActiveCfg = Debug|Any CPU
		{9E592307-652F-4DEB-B46E-54BA1D32E2BA}.Debug|Any CPU.Build.0 = Debug|Any CPU
		{9E592307-652F-4DEB-B46E-54BA1D32E2BA}.Release|Any CPU.ActiveCfg = Release|Any CPU
		{9E592307-652F-4DEB-B46E-54BA1D32E2BA}.Release|Any CPU.Build.0 = Release|Any CPU
	EndGlobalSection
	GlobalSection(SolutionProperties) = preSolution
		HideSolutionNode = FALSE
	EndGlobalSection
	GlobalSection(ExtensibilityGlobals) = postSolution
		SolutionGuid = {AC02F0A8-6207-4441-8DC0-7A7B96A7B941}
	EndGlobalSection
EndGlobal
